
Microsoft Visual Studio Solution File, Format Version 12.00
# Visual Studio Version 16
VisualStudioVersion = 16.0.32802.440
MinimumVisualStudioVersion = 10.0.40219.1
Project("{FAE04EC0-301F-11D3-BF4B-00C04F79EFBC}") = "1103339_ex_2-2", "1103339_ex_2-2.csproj", "{22CD82A7-CB1A-4583-AFB1-7FBDCC00E165}"
EndProject
Global
	GlobalSection(SolutionConfigurationPlatforms) = preSolution
		Debug|Any CPU = Debug|Any CPU
		Release|Any CPU = Release|Any CPU
	EndGlobalSection
	GlobalSection(ProjectConfigurationPlatforms) = postSolution
		{22CD82A7-CB1A-4583-AFB1-7FBDCC00E165}.Debug|Any CPU.ActiveCfg = Debug|Any CPU
		{22CD82A7-CB1A-4583-AFB1-7FBDCC00E165}.Debug|Any CPU.Build.0 = Debug|Any CPU
		{22CD82A7-CB1A-4583-AFB1-7FBDCC00E165}.Release|Any CPU.ActiveCfg = Release|Any CPU
		{22CD82A7-CB1A-4583-AFB1-7FBDCC00E165}.Release|Any CPU.Build.0 = Release|Any CPU
	EndGlobalSection
	GlobalSection(SolutionProperties) = preSolution
		HideSolutionNode = FALSE
	EndGlobalSection
	GlobalSection(ExtensibilityGlobals) = postSolution
		SolutionGuid = {7F3D847B-8562-44C3-928C-475B2B8FDDC9}
	EndGlobalSection
EndGlobal
