
Microsoft Visual Studio Solution File, Format Version 12.00
# Visual Studio Version 16
VisualStudioVersion = 16.0.32802.440
MinimumVisualStudioVersion = 10.0.40219.1
Project("{FAE04EC0-301F-11D3-BF4B-00C04F79EFBC}") = "WinFormsApp1", "WinFormsApp1.csproj", "{694B09A3-81CA-425E-9AED-0415BFC77BB1}"
EndProject
Global
	GlobalSection(SolutionConfigurationPlatforms) = preSolution
		Debug|Any CPU = Debug|Any CPU
		Release|Any CPU = Release|Any CPU
	EndGlobalSection
	GlobalSection(ProjectConfigurationPlatforms) = postSolution
		{694B09A3-81CA-425E-9AED-0415BFC77BB1}.Debug|Any CPU.ActiveCfg = Debug|Any CPU
		{694B09A3-81CA-425E-9AED-0415BFC77BB1}.Debug|Any CPU.Build.0 = Debug|Any CPU
		{694B09A3-81CA-425E-9AED-0415BFC77BB1}.Release|Any CPU.ActiveCfg = Release|Any CPU
		{694B09A3-81CA-425E-9AED-0415BFC77BB1}.Release|Any CPU.Build.0 = Release|Any CPU
	EndGlobalSection
	GlobalSection(SolutionProperties) = preSolution
		HideSolutionNode = FALSE
	EndGlobalSection
	GlobalSection(ExtensibilityGlobals) = postSolution
		SolutionGuid = {444DBD1C-AB5C-4746-B482-23E1B419C691}
	EndGlobalSection
EndGlobal
