
Microsoft Visual Studio Solution File, Format Version 12.00
# Visual Studio Version 17
VisualStudioVersion = 17.3.32901.215
MinimumVisualStudioVersion = 10.0.40219.1
Project("{FAE04EC0-301F-11D3-BF4B-00C04F79EFBC}") = "1103339_ex_4-1", "1103339_ex_4-1\1103339_ex_4-1.csproj", "{6B972E7B-DC11-4CC8-8E8B-6EC8DDCCA51B}"
EndProject
Global
	GlobalSection(SolutionConfigurationPlatforms) = preSolution
		Debug|Any CPU = Debug|Any CPU
		Release|Any CPU = Release|Any CPU
	EndGlobalSection
	GlobalSection(ProjectConfigurationPlatforms) = postSolution
		{6B972E7B-DC11-4CC8-8E8B-6EC8DDCCA51B}.Debug|Any CPU.ActiveCfg = Debug|Any CPU
		{6B972E7B-DC11-4CC8-8E8B-6EC8DDCCA51B}.Debug|Any CPU.Build.0 = Debug|Any CPU
		{6B972E7B-DC11-4CC8-8E8B-6EC8DDCCA51B}.Release|Any CPU.ActiveCfg = Release|Any CPU
		{6B972E7B-DC11-4CC8-8E8B-6EC8DDCCA51B}.Release|Any CPU.Build.0 = Release|Any CPU
	EndGlobalSection
	GlobalSection(SolutionProperties) = preSolution
		HideSolutionNode = FALSE
	EndGlobalSection
	GlobalSection(ExtensibilityGlobals) = postSolution
		SolutionGuid = {77486284-D9A7-4A8F-BD9E-F45C0877F3BA}
	EndGlobalSection
EndGlobal
