
Microsoft Visual Studio Solution File, Format Version 12.00
# Visual Studio Version 17
VisualStudioVersion = 17.3.32901.215
MinimumVisualStudioVersion = 10.0.40219.1
Project("{FAE04EC0-301F-11D3-BF4B-00C04F79EFBC}") = "WinFormsApp1", "WinFormsApp1\WinFormsApp1.csproj", "{73BB2C69-5DDA-4B4E-ADAF-8B6311114805}"
EndProject
Global
	GlobalSection(SolutionConfigurationPlatforms) = preSolution
		Debug|Any CPU = Debug|Any CPU
		Release|Any CPU = Release|Any CPU
	EndGlobalSection
	GlobalSection(ProjectConfigurationPlatforms) = postSolution
		{73BB2C69-5DDA-4B4E-ADAF-8B6311114805}.Debug|Any CPU.ActiveCfg = Debug|Any CPU
		{73BB2C69-5DDA-4B4E-ADAF-8B6311114805}.Debug|Any CPU.Build.0 = Debug|Any CPU
		{73BB2C69-5DDA-4B4E-ADAF-8B6311114805}.Release|Any CPU.ActiveCfg = Release|Any CPU
		{73BB2C69-5DDA-4B4E-ADAF-8B6311114805}.Release|Any CPU.Build.0 = Release|Any CPU
	EndGlobalSection
	GlobalSection(SolutionProperties) = preSolution
		HideSolutionNode = FALSE
	EndGlobalSection
	GlobalSection(ExtensibilityGlobals) = postSolution
		SolutionGuid = {E3CA2967-6181-46EB-83C0-9C4D6AF141A2}
	EndGlobalSection
EndGlobal
