
Microsoft Visual Studio Solution File, Format Version 12.00
# Visual Studio Version 17
VisualStudioVersion = 17.3.32901.215
MinimumVisualStudioVersion = 10.0.40219.1
Project("{FAE04EC0-301F-11D3-BF4B-00C04F79EFBC}") = "Assignment1", "Assignment1\Assignment1.csproj", "{CA4CF47A-A4AF-4D4A-B1CF-BFE3CF916018}"
EndProject
Global
	GlobalSection(SolutionConfigurationPlatforms) = preSolution
		Debug|Any CPU = Debug|Any CPU
		Release|Any CPU = Release|Any CPU
	EndGlobalSection
	GlobalSection(ProjectConfigurationPlatforms) = postSolution
		{CA4CF47A-A4AF-4D4A-B1CF-BFE3CF916018}.Debug|Any CPU.ActiveCfg = Debug|Any CPU
		{CA4CF47A-A4AF-4D4A-B1CF-BFE3CF916018}.Debug|Any CPU.Build.0 = Debug|Any CPU
		{CA4CF47A-A4AF-4D4A-B1CF-BFE3CF916018}.Release|Any CPU.ActiveCfg = Release|Any CPU
		{CA4CF47A-A4AF-4D4A-B1CF-BFE3CF916018}.Release|Any CPU.Build.0 = Release|Any CPU
	EndGlobalSection
	GlobalSection(SolutionProperties) = preSolution
		HideSolutionNode = FALSE
	EndGlobalSection
	GlobalSection(ExtensibilityGlobals) = postSolution
		SolutionGuid = {BC9A15EF-A75B-4977-997C-134D02281D52}
	EndGlobalSection
EndGlobal
