
Microsoft Visual Studio Solution File, Format Version 12.00
# Visual Studio Version 17
VisualStudioVersion = 17.3.32901.215
MinimumVisualStudioVersion = 10.0.40219.1
Project("{FAE04EC0-301F-11D3-BF4B-00C04F79EFBC}") = "1103339_ex_3-2", "1103339_ex_3-2\1103339_ex_3-2.csproj", "{D5A03524-B868-47CA-B100-86213CB26CD0}"
EndProject
Global
	GlobalSection(SolutionConfigurationPlatforms) = preSolution
		Debug|Any CPU = Debug|Any CPU
		Release|Any CPU = Release|Any CPU
	EndGlobalSection
	GlobalSection(ProjectConfigurationPlatforms) = postSolution
		{D5A03524-B868-47CA-B100-86213CB26CD0}.Debug|Any CPU.ActiveCfg = Debug|Any CPU
		{D5A03524-B868-47CA-B100-86213CB26CD0}.Debug|Any CPU.Build.0 = Debug|Any CPU
		{D5A03524-B868-47CA-B100-86213CB26CD0}.Release|Any CPU.ActiveCfg = Release|Any CPU
		{D5A03524-B868-47CA-B100-86213CB26CD0}.Release|Any CPU.Build.0 = Release|Any CPU
	EndGlobalSection
	GlobalSection(SolutionProperties) = preSolution
		HideSolutionNode = FALSE
	EndGlobalSection
	GlobalSection(ExtensibilityGlobals) = postSolution
		SolutionGuid = {0BD55AE1-2416-46A6-8E86-5A7720211F2E}
	EndGlobalSection
EndGlobal
