
Microsoft Visual Studio Solution File, Format Version 12.00
# Visual Studio Version 16
VisualStudioVersion = 16.0.30413.136
MinimumVisualStudioVersion = 10.0.40219.1
Project("{FAE04EC0-301F-11D3-BF4B-00C04F79EFBC}") = "1103339_ex_1-4", "1103339_ex_1-4.csproj", "{764F06FA-4587-4957-95CC-A8BA5D544F61}"
EndProject
Global
	GlobalSection(SolutionConfigurationPlatforms) = preSolution
		Debug|Any CPU = Debug|Any CPU
		Release|Any CPU = Release|Any CPU
	EndGlobalSection
	GlobalSection(ProjectConfigurationPlatforms) = postSolution
		{764F06FA-4587-4957-95CC-A8BA5D544F61}.Debug|Any CPU.ActiveCfg = Debug|Any CPU
		{764F06FA-4587-4957-95CC-A8BA5D544F61}.Debug|Any CPU.Build.0 = Debug|Any CPU
		{764F06FA-4587-4957-95CC-A8BA5D544F61}.Release|Any CPU.ActiveCfg = Release|Any CPU
		{764F06FA-4587-4957-95CC-A8BA5D544F61}.Release|Any CPU.Build.0 = Release|Any CPU
	EndGlobalSection
	GlobalSection(SolutionProperties) = preSolution
		HideSolutionNode = FALSE
	EndGlobalSection
	GlobalSection(ExtensibilityGlobals) = postSolution
		SolutionGuid = {A9429575-BC8D-4F01-B7BE-4B3D0B845EA5}
	EndGlobalSection
EndGlobal
