
Microsoft Visual Studio Solution File, Format Version 12.00
# Visual Studio Version 17
VisualStudioVersion = 17.3.32901.215
MinimumVisualStudioVersion = 10.0.40219.1
Project("{FAE04EC0-301F-11D3-BF4B-00C04F79EFBC}") = "1103339_ex_3-3", "1103339_ex_3-3\1103339_ex_3-3.csproj", "{8AC0DCA4-CBBD-46E4-A7DF-F9B2A4C03289}"
EndProject
Global
	GlobalSection(SolutionConfigurationPlatforms) = preSolution
		Debug|Any CPU = Debug|Any CPU
		Release|Any CPU = Release|Any CPU
	EndGlobalSection
	GlobalSection(ProjectConfigurationPlatforms) = postSolution
		{8AC0DCA4-CBBD-46E4-A7DF-F9B2A4C03289}.Debug|Any CPU.ActiveCfg = Debug|Any CPU
		{8AC0DCA4-CBBD-46E4-A7DF-F9B2A4C03289}.Debug|Any CPU.Build.0 = Debug|Any CPU
		{8AC0DCA4-CBBD-46E4-A7DF-F9B2A4C03289}.Release|Any CPU.ActiveCfg = Release|Any CPU
		{8AC0DCA4-CBBD-46E4-A7DF-F9B2A4C03289}.Release|Any CPU.Build.0 = Release|Any CPU
	EndGlobalSection
	GlobalSection(SolutionProperties) = preSolution
		HideSolutionNode = FALSE
	EndGlobalSection
	GlobalSection(ExtensibilityGlobals) = postSolution
		SolutionGuid = {B3D77AA0-7B34-49FD-8141-D961763A2868}
	EndGlobalSection
EndGlobal
