
Microsoft Visual Studio Solution File, Format Version 12.00
# Visual Studio Version 17
VisualStudioVersion = 17.3.32901.215
MinimumVisualStudioVersion = 10.0.40219.1
Project("{FAE04EC0-301F-11D3-BF4B-00C04F79EFBC}") = "1103339_ex_4-6", "1103339_ex_4-6\1103339_ex_4-6.csproj", "{16C14DEA-1E5A-4551-8AC7-FF8BC803C473}"
EndProject
Global
	GlobalSection(SolutionConfigurationPlatforms) = preSolution
		Debug|Any CPU = Debug|Any CPU
		Release|Any CPU = Release|Any CPU
	EndGlobalSection
	GlobalSection(ProjectConfigurationPlatforms) = postSolution
		{16C14DEA-1E5A-4551-8AC7-FF8BC803C473}.Debug|Any CPU.ActiveCfg = Debug|Any CPU
		{16C14DEA-1E5A-4551-8AC7-FF8BC803C473}.Debug|Any CPU.Build.0 = Debug|Any CPU
		{16C14DEA-1E5A-4551-8AC7-FF8BC803C473}.Release|Any CPU.ActiveCfg = Release|Any CPU
		{16C14DEA-1E5A-4551-8AC7-FF8BC803C473}.Release|Any CPU.Build.0 = Release|Any CPU
	EndGlobalSection
	GlobalSection(SolutionProperties) = preSolution
		HideSolutionNode = FALSE
	EndGlobalSection
	GlobalSection(ExtensibilityGlobals) = postSolution
		SolutionGuid = {FB3B92D9-368E-4342-B6F4-4328AE542B47}
	EndGlobalSection
EndGlobal
