
Microsoft Visual Studio Solution File, Format Version 12.00
# Visual Studio Version 16
VisualStudioVersion = 16.0.32802.440
MinimumVisualStudioVersion = 10.0.40219.1
Project("{FAE04EC0-301F-11D3-BF4B-00C04F79EFBC}") = "1103339_ex_2-6", "1103339_ex_2-6.csproj", "{67369794-D70F-49D5-81DE-B9AE58576E98}"
EndProject
Global
	GlobalSection(SolutionConfigurationPlatforms) = preSolution
		Debug|Any CPU = Debug|Any CPU
		Release|Any CPU = Release|Any CPU
	EndGlobalSection
	GlobalSection(ProjectConfigurationPlatforms) = postSolution
		{67369794-D70F-49D5-81DE-B9AE58576E98}.Debug|Any CPU.ActiveCfg = Debug|Any CPU
		{67369794-D70F-49D5-81DE-B9AE58576E98}.Debug|Any CPU.Build.0 = Debug|Any CPU
		{67369794-D70F-49D5-81DE-B9AE58576E98}.Release|Any CPU.ActiveCfg = Release|Any CPU
		{67369794-D70F-49D5-81DE-B9AE58576E98}.Release|Any CPU.Build.0 = Release|Any CPU
	EndGlobalSection
	GlobalSection(SolutionProperties) = preSolution
		HideSolutionNode = FALSE
	EndGlobalSection
	GlobalSection(ExtensibilityGlobals) = postSolution
		SolutionGuid = {2A7F292C-500D-4A3D-B289-3E69CB06DCEE}
	EndGlobalSection
EndGlobal
