
Microsoft Visual Studio Solution File, Format Version 12.00
# Visual Studio Version 17
VisualStudioVersion = 17.3.32901.215
MinimumVisualStudioVersion = 10.0.40219.1
Project("{FAE04EC0-301F-11D3-BF4B-00C04F79EFBC}") = "1103339_ex_5-3", "1103339_ex_5-3\1103339_ex_5-3.csproj", "{EBEA386E-CAFB-4FCF-9508-8BAE65AEEC33}"
EndProject
Global
	GlobalSection(SolutionConfigurationPlatforms) = preSolution
		Debug|Any CPU = Debug|Any CPU
		Release|Any CPU = Release|Any CPU
	EndGlobalSection
	GlobalSection(ProjectConfigurationPlatforms) = postSolution
		{EBEA386E-CAFB-4FCF-9508-8BAE65AEEC33}.Debug|Any CPU.ActiveCfg = Debug|Any CPU
		{EBEA386E-CAFB-4FCF-9508-8BAE65AEEC33}.Debug|Any CPU.Build.0 = Debug|Any CPU
		{EBEA386E-CAFB-4FCF-9508-8BAE65AEEC33}.Release|Any CPU.ActiveCfg = Release|Any CPU
		{EBEA386E-CAFB-4FCF-9508-8BAE65AEEC33}.Release|Any CPU.Build.0 = Release|Any CPU
	EndGlobalSection
	GlobalSection(SolutionProperties) = preSolution
		HideSolutionNode = FALSE
	EndGlobalSection
	GlobalSection(ExtensibilityGlobals) = postSolution
		SolutionGuid = {05851CA0-5EF5-419D-90E2-EB7044B1CA34}
	EndGlobalSection
EndGlobal
